
Microsoft Visual Studio Solution File, Format Version 12.00
# Visual Studio Version 17
VisualStudioVersion = 17.4.33205.214
MinimumVisualStudioVersion = 10.0.40219.1
Project("{FAE04EC0-301F-11D3-BF4B-00C04F79EFBC}") = "PZ_10", "PZ_10\PZ_10.csproj", "{1DD4A8CA-5196-4830-83B9-BFAE594BA7A9}"
EndProject
Global
	GlobalSection(SolutionConfigurationPlatforms) = preSolution
		Debug|Any CPU = Debug|Any CPU
		Release|Any CPU = Release|Any CPU
	EndGlobalSection
	GlobalSection(ProjectConfigurationPlatforms) = postSolution
		{1DD4A8CA-5196-4830-83B9-BFAE594BA7A9}.Debug|Any CPU.ActiveCfg = Debug|Any CPU
		{1DD4A8CA-5196-4830-83B9-BFAE594BA7A9}.Debug|Any CPU.Build.0 = Debug|Any CPU
		{1DD4A8CA-5196-4830-83B9-BFAE594BA7A9}.Release|Any CPU.ActiveCfg = Release|Any CPU
		{1DD4A8CA-5196-4830-83B9-BFAE594BA7A9}.Release|Any CPU.Build.0 = Release|Any CPU
	EndGlobalSection
	GlobalSection(SolutionProperties) = preSolution
		HideSolutionNode = FALSE
	EndGlobalSection
	GlobalSection(ExtensibilityGlobals) = postSolution
		SolutionGuid = {3C32D7FC-B0C7-4703-84BD-6FB8DA9BCA70}
	EndGlobalSection
EndGlobal
